// !$*UTF8*$!
{
	archiveVersion = 1;
	classes = {
	};
	objectVersion = 55;
	objects = {

/* Begin PBXBuildFile section */
		7B2DD7682870E9880073F2AC /* AppDelegate.swift in Sources */ = {isa = PBXBuildFile; fileRef = 7B2DD7672870E9880073F2AC /* AppDelegate.swift */; };
		7B2DD76A2870E9880073F2AC /* SceneDelegate.swift in Sources */ = {isa = PBXBuildFile; fileRef = 7B2DD7692870E9880073F2AC /* SceneDelegate.swift */; };
		7B2DD76C2870E9880073F2AC /* ViewController.swift in Sources */ = {isa = PBXBuildFile; fileRef = 7B2DD76B2870E9880073F2AC /* ViewController.swift */; };
		7B2DD76F2870E9880073F2AC /* Main.storyboard in Resources */ = {isa = PBXBuildFile; fileRef = 7B2DD76D2870E9880073F2AC /* Main.storyboard */; };
		7B2DD7712870E9890073F2AC /* Assets.xcassets in Resources */ = {isa = PBXBuildFile; fileRef = 7B2DD7702870E9890073F2AC /* Assets.xcassets */; };
		7B2DD7742870E9890073F2AC /* LaunchScreen.storyboard in Resources */ = {isa = PBXBuildFile; fileRef = 7B2DD7722870E9890073F2AC /* LaunchScreen.storyboard */; };
		7B2DD77C2870E9F00073F2AC /* Game.swift in Sources */ = {isa = PBXBuildFile; fileRef = 7B2DD77B2870E9F00073F2AC /* Game.swift */; };
		7B2DD77E2870F03E0073F2AC /* Settings.swift in Sources */ = {isa = PBXBuildFile; fileRef = 7B2DD77D2870F03E0073F2AC /* Settings.swift */; };
		7B2DD78028718DBA0073F2AC /* Result.swift in Sources */ = {isa = PBXBuildFile; fileRef = 7B2DD77F28718DBA0073F2AC /* Result.swift */; };
		7B3586A1287DBE6100F5E98B /* Base.swift in Sources */ = {isa = PBXBuildFile; fileRef = 7B3586A0287DBE6100F5E98B /* Base.swift */; };
/* End PBXBuildFile section */

/* Begin PBXFileReference section */
		7B2DD7642870E9880073F2AC /* Gonochki.app */ = {isa = PBXFileReference; explicitFileType = wrapper.application; includeInIndex = 0; path = Gonochki.app; sourceTree = BUILT_PRODUCTS_DIR; };
		7B2DD7672870E9880073F2AC /* AppDelegate.swift */ = {isa = PBXFileReference; lastKnownFileType = sourcecode.swift; path = AppDelegate.swift; sourceTree = "<group>"; };
		7B2DD7692870E9880073F2AC /* SceneDelegate.swift */ = {isa = PBXFileReference; lastKnownFileType = sourcecode.swift; path = SceneDelegate.swift; sourceTree = "<group>"; };
		7B2DD76B2870E9880073F2AC /* ViewController.swift */ = {isa = PBXFileReference; lastKnownFileType = sourcecode.swift; path = ViewController.swift; sourceTree = "<group>"; };
		7B2DD76E2870E9880073F2AC /* Base */ = {isa = PBXFileReference; lastKnownFileType = file.storyboard; name = Base; path = Base.lproj/Main.storyboard; sourceTree = "<group>"; };
		7B2DD7702870E9890073F2AC /* Assets.xcassets */ = {isa = PBXFileReference; lastKnownFileType = folder.assetcatalog; path = Assets.xcassets; sourceTree = "<group>"; };
		7B2DD7732870E9890073F2AC /* Base */ = {isa = PBXFileReference; lastKnownFileType = file.storyboard; name = Base; path = Base.lproj/LaunchScreen.storyboard; sourceTree = "<group>"; };
		7B2DD7752870E9890073F2AC /* Info.plist */ = {isa = PBXFileReference; lastKnownFileType = text.plist.xml; path = Info.plist; sourceTree = "<group>"; };
		7B2DD77B2870E9F00073F2AC /* Game.swift */ = {isa = PBXFileReference; lastKnownFileType = sourcecode.swift; path = Game.swift; sourceTree = "<group>"; };
		7B2DD77D2870F03E0073F2AC /* Settings.swift */ = {isa = PBXFileReference; lastKnownFileType = sourcecode.swift; path = Settings.swift; sourceTree = "<group>"; };
		7B2DD77F28718DBA0073F2AC /* Result.swift */ = {isa = PBXFileReference; lastKnownFileType = sourcecode.swift; path = Result.swift; sourceTree = "<group>"; };
		7B3586A0287DBE6100F5E98B /* Base.swift */ = {isa = PBXFileReference; lastKnownFileType = sourcecode.swift; path = Base.swift; sourceTree = "<group>"; };
/* End PBXFileReference section */

/* Begin PBXFrameworksBuildPhase section */
		7B2DD7612870E9880073F2AC /* Frameworks */ = {
			isa = PBXFrameworksBuildPhase;
			buildActionMask = 2147483647;
			files = (
			);
			runOnlyForDeploymentPostprocessing = 0;
		};
/* End PBXFrameworksBuildPhase section */

/* Begin PBXGroup section */
		7B2DD75B2870E9880073F2AC = {
			isa = PBXGroup;
			children = (
				7B2DD7662870E9880073F2AC /* Gonochki */,
				7B2DD7652870E9880073F2AC /* Products */,
			);
			sourceTree = "<group>";
		};
		7B2DD7652870E9880073F2AC /* Products */ = {
			isa = PBXGroup;
			children = (
				7B2DD7642870E9880073F2AC /* Gonochki.app */,
			);
			name = Products;
			sourceTree = "<group>";
		};
		7B2DD7662870E9880073F2AC /* Gonochki */ = {
			isa = PBXGroup;
			children = (
				7B2DD7672870E9880073F2AC /* AppDelegate.swift */,
				7B2DD7692870E9880073F2AC /* SceneDelegate.swift */,
				7B2DD76B2870E9880073F2AC /* ViewController.swift */,
				7B2DD77B2870E9F00073F2AC /* Game.swift */,
				7B2DD77D2870F03E0073F2AC /* Settings.swift */,
				7B2DD77F28718DBA0073F2AC /* Result.swift */,
				7B3586A0287DBE6100F5E98B /* Base.swift */,
				7B2DD76D2870E9880073F2AC /* Main.storyboard */,
				7B2DD7702870E9890073F2AC /* Assets.xcassets */,
				7B2DD7722870E9890073F2AC /* LaunchScreen.storyboard */,
				7B2DD7752870E9890073F2AC /* Info.plist */,
			);
			path = Gonochki;
			sourceTree = "<group>";
		};
/* End PBXGroup section */

/* Begin PBXNativeTarget section */
		7B2DD7632870E9880073F2AC /* Gonochki */ = {
			isa = PBXNativeTarget;
			buildConfigurationList = 7B2DD7782870E9890073F2AC /* Build configuration list for PBXNativeTarget "Gonochki" */;
			buildPhases = (
				7B2DD7602870E9880073F2AC /* Sources */,
				7B2DD7612870E9880073F2AC /* Frameworks */,
				7B2DD7622870E9880073F2AC /* Resources */,
			);
			buildRules = (
			);
			dependencies = (
			);
			name = Gonochki;
			productName = Gonochki;
			productReference = 7B2DD7642870E9880073F2AC /* Gonochki.app */;
			productType = "com.apple.product-type.application";
		};
/* End PBXNativeTarget section */

/* Begin PBXProject section */
		7B2DD75C2870E9880073F2AC /* Project object */ = {
			isa = PBXProject;
			attributes = {
				BuildIndependentTargetsInParallel = 1;
				LastSwiftUpdateCheck = 1340;
				LastUpgradeCheck = 1340;
				TargetAttributes = {
					7B2DD7632870E9880073F2AC = {
						CreatedOnToolsVersion = 13.4.1;
					};
				};
			};
			buildConfigurationList = 7B2DD75F2870E9880073F2AC /* Build configuration list for PBXProject "Gonochki" */;
			compatibilityVersion = "Xcode 13.0";
			developmentRegion = en;
			hasScannedForEncodings = 0;
			knownRegions = (
				en,
				Base,
			);
			mainGroup = 7B2DD75B2870E9880073F2AC;
			productRefGroup = 7B2DD7652870E9880073F2AC /* Products */;
			projectDirPath = "";
			projectRoot = "";
			targets = (
				7B2DD7632870E9880073F2AC /* Gonochki */,
			);
		};
/* End PBXProject section */

/* Begin PBXResourcesBuildPhase section */
		7B2DD7622870E9880073F2AC /* Resources */ = {
			isa = PBXResourcesBuildPhase;
			buildActionMask = 2147483647;
			files = (
				7B2DD7742870E9890073F2AC /* LaunchScreen.storyboard in Resources */,
				7B2DD7712870E9890073F2AC /* Assets.xcassets in Resources */,
				7B2DD76F2870E9880073F2AC /* Main.storyboard in Resources */,
			);
			runOnlyForDeploymentPostprocessing = 0;
		};
/* End PBXResourcesBuildPhase section */

/* Begin PBXSourcesBuildPhase section */
		7B2DD7602870E9880073F2AC /* Sources */ = {
			isa = PBXSourcesBuildPhase;
			buildActionMask = 2147483647;
			files = (
				7B2DD78028718DBA0073F2AC /* Result.swift in Sources */,
				7B2DD76C2870E9880073F2AC /* ViewController.swift in Sources */,
				7B2DD7682870E9880073F2AC /* AppDelegate.swift in Sources */,
				7B2DD76A2870E9880073F2AC /* SceneDelegate.swift in Sources */,
				7B2DD77C2870E9F00073F2AC /* Game.swift in Sources */,
				7B3586A1287DBE6100F5E98B /* Base.swift in Sources */,
				7B2DD77E2870F03E0073F2AC /* Settings.swift in Sources */,
			);
			runOnlyForDeploymentPostprocessing = 0;
		};
/* End PBXSourcesBuildPhase section */

/* Begin PBXVariantGroup section */
		7B2DD76D2870E9880073F2AC /* Main.storyboard */ = {
			isa = PBXVariantGroup;
			children = (
				7B2DD76E2870E9880073F2AC /* Base */,
			);
			name = Main.storyboard;
			sourceTree = "<group>";
		};
		7B2DD7722870E9890073F2AC /* LaunchScreen.storyboard */ = {
			isa = PBXVariantGroup;
			children = (
				7B2DD7732870E9890073F2AC /* Base */,
			);
			name = LaunchScreen.storyboard;
			sourceTree = "<group>";
		};
/* End PBXVariantGroup section */

/* Begin XCBuildConfiguration section */
		7B2DD7762870E9890073F2AC /* Debug */ = {
			isa = XCBuildConfiguration;
			buildSettings = {
				ALWAYS_SEARCH_USER_PATHS = NO;
				CLANG_ANALYZER_NONNULL = YES;
				CLANG_ANALYZER_NUMBER_OBJECT_CONVERSION = YES_AGGRESSIVE;
				CLANG_CXX_LANGUAGE_STANDARD = "gnu++17";
				CLANG_ENABLE_MODULES = YES;
				CLANG_ENABLE_OBJC_ARC = YES;
				CLANG_ENABLE_OBJC_WEAK = YES;
				CLANG_WARN_BLOCK_CAPTURE_AUTORELEASING = YES;
				CLANG_WARN_BOOL_CONVERSION = YES;
				CLANG_WARN_COMMA = YES;
				CLANG_WARN_CONSTANT_CONVERSION = YES;
				CLANG_WARN_DEPRECATED_OBJC_IMPLEMENTATIONS = YES;
				CLANG_WARN_DIRECT_OBJC_ISA_USAGE = YES_ERROR;
				CLANG_WARN_DOCUMENTATION_COMMENTS = YES;
				CLANG_WARN_EMPTY_BODY = YES;
				CLANG_WARN_ENUM_CONVERSION = YES;
				CLANG_WARN_INFINITE_RECURSION = YES;
				CLANG_WARN_INT_CONVERSION = YES;
				CLANG_WARN_NON_LITERAL_NULL_CONVERSION = YES;
				CLANG_WARN_OBJC_IMPLICIT_RETAIN_SELF = YES;
				CLANG_WARN_OBJC_LITERAL_CONVERSION = YES;
				CLANG_WARN_OBJC_ROOT_CLASS = YES_ERROR;
				CLANG_WARN_QUOTED_INCLUDE_IN_FRAMEWORK_HEADER = YES;
				CLANG_WARN_RANGE_LOOP_ANALYSIS = YES;
				CLANG_WARN_STRICT_PROTOTYPES = YES;
				CLANG_WARN_SUSPICIOUS_MOVE = YES;
				CLANG_WARN_UNGUARDED_AVAILABILITY = YES_AGGRESSIVE;
				CLANG_WARN_UNREACHABLE_CODE = YES;
				CLANG_WARN__DUPLICATE_METHOD_MATCH = YES;
				COPY_PHASE_STRIP = NO;
				DEBUG_INFORMATION_FORMAT = dwarf;
				ENABLE_STRICT_OBJC_MSGSEND = YES;
				ENABLE_TESTABILITY = YES;
				GCC_C_LANGUAGE_STANDARD = gnu11;
				GCC_DYNAMIC_NO_PIC = NO;
				GCC_NO_COMMON_BLOCKS = YES;
				GCC_OPTIMIZATION_LEVEL = 0;
				GCC_PREPROCESSOR_DEFINITIONS = (
					"DEBUG=1",
					"$(inherited)",
				);
				GCC_WARN_64_TO_32_BIT_CONVERSION = YES;
				GCC_WARN_ABOUT_RETURN_TYPE = YES_ERROR;
				GCC_WARN_UNDECLARED_SELECTOR = YES;
				GCC_WARN_UNINITIALIZED_AUTOS = YES_AGGRESSIVE;
				GCC_WARN_UNUSED_FUNCTION = YES;
				GCC_WARN_UNUSED_VARIABLE = YES;
				IPHONEOS_DEPLOYMENT_TARGET = 15.5;
				MTL_ENABLE_DEBUG_INFO = INCLUDE_SOURCE;
				MTL_FAST_MATH = YES;
				ONLY_ACTIVE_ARCH = YES;
				SDKROOT = iphoneos;
				SWIFT_ACTIVE_COMPILATION_CONDITIONS = DEBUG;
				SWIFT_OPTIMIZATION_LEVEL = "-Onone";
			};
			name = Debug;
		};
		7B2DD7772870E9890073F2AC /* Release */ = {
			isa = XCBuildConfiguration;
			buildSettings = {
				ALWAYS_SEARCH_USER_PATHS = NO;
				CLANG_ANALYZER_NONNULL = YES;
				CLANG_ANALYZER_NUMBER_OBJECT_CONVERSION = YES_AGGRESSIVE;
				CLANG_CXX_LANGUAGE_STANDARD = "gnu++17";
				CLANG_ENABLE_MODULES = YES;
				CLANG_ENABLE_OBJC_ARC = YES;
				CLANG_ENABLE_OBJC_WEAK = YES;
				CLANG_WARN_BLOCK_CAPTURE_AUTORELEASING = YES;
				CLANG_WARN_BOOL_CONVERSION = YES;
				CLANG_WARN_COMMA = YES;
				CLANG_WARN_CONSTANT_CONVERSION = YES;
				CLANG_WARN_DEPRECATED_OBJC_IMPLEMENTATIONS = YES;
				CLANG_WARN_DIRECT_OBJC_ISA_USAGE = YES_ERROR;
				CLANG_WARN_DOCUMENTATION_COMMENTS = YES;
				CLANG_WARN_EMPTY_BODY = YES;
				CLANG_WARN_ENUM_CONVERSION = YES;
				CLANG_WARN_INFINITE_RECURSION = YES;
				CLANG_WARN_INT_CONVERSION = YES;
				CLANG_WARN_NON_LITERAL_NULL_CONVERSION = YES;
				CLANG_WARN_OBJC_IMPLICIT_RETAIN_SELF = YES;
				CLANG_WARN_OBJC_LITERAL_CONVERSION = YES;
				CLANG_WARN_OBJC_ROOT_CLASS = YES_ERROR;
				CLANG_WARN_QUOTED_INCLUDE_IN_FRAMEWORK_HEADER = YES;
				CLANG_WARN_RANGE_LOOP_ANALYSIS = YES;
				CLANG_WARN_STRICT_PROTOTYPES = YES;
				CLANG_WARN_SUSPICIOUS_MOVE = YES;
				CLANG_WARN_UNGUARDED_AVAILABILITY = YES_AGGRESSIVE;
				CLANG_WARN_UNREACHABLE_CODE = YES;
				CLANG_WARN__DUPLICATE_METHOD_MATCH = YES;
				COPY_PHASE_STRIP = NO;
				DEBUG_INFORMATION_FORMAT = "dwarf-with-dsym";
				ENABLE_NS_ASSERTIONS = NO;
				ENABLE_STRICT_OBJC_MSGSEND = YES;
				GCC_C_LANGUAGE_STANDARD = gnu11;
				GCC_NO_COMMON_BLOCKS = YES;
				GCC_WARN_64_TO_32_BIT_CONVERSION = YES;
				GCC_WARN_ABOUT_RETURN_TYPE = YES_ERROR;
				GCC_WARN_UNDECLARED_SELECTOR = YES;
				GCC_WARN_UNINITIALIZED_AUTOS = YES_AGGRESSIVE;
				GCC_WARN_UNUSED_FUNCTION = YES;
				GCC_WARN_UNUSED_VARIABLE = YES;
				IPHONEOS_DEPLOYMENT_TARGET = 15.5;
				MTL_ENABLE_DEBUG_INFO = NO;
				MTL_FAST_MATH = YES;
				SDKROOT = iphoneos;
				SWIFT_COMPILATION_MODE = wholemodule;
				SWIFT_OPTIMIZATION_LEVEL = "-O";
				VALIDATE_PRODUCT = YES;
			};
			name = Release;
		};
		7B2DD7792870E9890073F2AC /* Debug */ = {
			isa = XCBuildConfiguration;
			buildSettings = {
				ASSETCATALOG_COMPILER_APPICON_NAME = AppIcon;
				ASSETCATALOG_COMPILER_GLOBAL_ACCENT_COLOR_NAME = AccentColor;
				CODE_SIGN_STYLE = Automatic;
				CURRENT_PROJECT_VERSION = 1;
				DEVELOPMENT_TEAM = LAHG32NP26;
				GENERATE_INFOPLIST_FILE = YES;
				INFOPLIST_FILE = Gonochki/Info.plist;
				INFOPLIST_KEY_UIApplicationSupportsIndirectInputEvents = YES;
				INFOPLIST_KEY_UILaunchStoryboardName = LaunchScreen;
				INFOPLIST_KEY_UIMainStoryboardFile = Main;
				INFOPLIST_KEY_UISupportedInterfaceOrientations_iPad = "UIInterfaceOrientationPortrait UIInterfaceOrientationPortraitUpsideDown UIInterfaceOrientationLandscapeLeft UIInterfaceOrientationLandscapeRight";
				INFOPLIST_KEY_UISupportedInterfaceOrientations_iPhone = "UIInterfaceOrientationPortrait UIInterfaceOrientationLandscapeLeft UIInterfaceOrientationLandscapeRight";
				LD_RUNPATH_SEARCH_PATHS = (
					"$(inherited)",
					"@executable_path/Frameworks",
				);
				MARKETING_VERSION = 1.0;
				PRODUCT_BUNDLE_IDENTIFIER = NatMe9.Gonochki;
				PRODUCT_NAME = "$(TARGET_NAME)";
				SWIFT_EMIT_LOC_STRINGS = YES;
				SWIFT_VERSION = 5.0;
				TARGETED_DEVICE_FAMILY = "1,2";
			};
			name = Debug;
		};
		7B2DD77A2870E9890073F2AC /* Release */ = {
			isa = XCBuildConfiguration;
			buildSettings = {
				ASSETCATALOG_COMPILER_APPICON_NAME = AppIcon;
				ASSETCATALOG_COMPILER_GLOBAL_ACCENT_COLOR_NAME = AccentColor;
				CODE_SIGN_STYLE = Automatic;
				CURRENT_PROJECT_VERSION = 1;
				DEVELOPMENT_TEAM = LAHG32NP26;
				GENERATE_INFOPLIST_FILE = YES;
				INFOPLIST_FILE = Gonochki/Info.plist;
				INFOPLIST_KEY_UIApplicationSupportsIndirectInputEvents = YES;
				INFOPLIST_KEY_UILaunchStoryboardName = LaunchScreen;
				INFOPLIST_KEY_UIMainStoryboardFile = Main;
				INFOPLIST_KEY_UISupportedInterfaceOrientations_iPad = "UIInterfaceOrientationPortrait UIInterfaceOrientationPortraitUpsideDown UIInterfaceOrientationLandscapeLeft UIInterfaceOrientationLandscapeRight";
				INFOPLIST_KEY_UISupportedInterfaceOrientations_iPhone = "UIInterfaceOrientationPortrait UIInterfaceOrientationLandscapeLeft UIInterfaceOrientationLandscapeRight";
				LD_RUNPATH_SEARCH_PATHS = (
					"$(inherited)",
					"@executable_path/Frameworks",
				);
				MARKETING_VERSION = 1.0;
				PRODUCT_BUNDLE_IDENTIFIER = NatMe9.Gonochki;
				PRODUCT_NAME = "$(TARGET_NAME)";
				SWIFT_EMIT_LOC_STRINGS = YES;
				SWIFT_VERSION = 5.0;
				TARGETED_DEVICE_FAMILY = "1,2";
			};
			name = Release;
		};
/* End XCBuildConfiguration section */

/* Begin XCConfigurationList section */
		7B2DD75F2870E9880073F2AC /* Build configuration list for PBXProject "Gonochki" */ = {
			isa = XCConfigurationList;
			buildConfigurations = (
				7B2DD7762870E9890073F2AC /* Debug */,
				7B2DD7772870E9890073F2AC /* Release */,
			);
			defaultConfigurationIsVisible = 0;
			defaultConfigurationName = Release;
		};
		7B2DD7782870E9890073F2AC /* Build configuration list for PBXNativeTarget "Gonochki" */ = {
			isa = XCConfigurationList;
			buildConfigurations = (
				7B2DD7792870E9890073F2AC /* Debug */,
				7B2DD77A2870E9890073F2AC /* Release */,
			);
			defaultConfigurationIsVisible = 0;
			defaultConfigurationName = Release;
		};
/* End XCConfigurationList section */
	};
	rootObject = 7B2DD75C2870E9880073F2AC /* Project object */;
}
